{
  "name": "note-app",
  "version": "1.0.0",
  "lockfileVersion": 1,
  "requires": true,
  "dependencies": {
    "01": {
      "version": "0.0.1",
      "resolved": "https://registry.npmjs.org/01/-/01-0.0.1.tgz",
      "integrity": "sha512-sJF6Lr9fJi3mzWaxsaY33hDwiR8P31B91CX8hMnrkvHioFTsWnV6Br1UMJ4fZ/dlICsc8N0va/EuWJkQgHKnhw==",
      "requires": {
        "commander": "1.0.x"
      }
    },
    "03": {
      "version": "1.0.3",
      "resolved": "https://registry.npmjs.org/03/-/03-1.0.3.tgz",
      "integrity": "sha512-EeuFOTuUfbxD5K2IpWk7L3himh6zDUghhPhEXGJwSsOK3WrJNEJsH1h/aUE8NtBnQprYiUSLrjx1vUpc/givHg=="
    },
    "commander": {
      "version": "1.0.5",
      "resolved": "https://registry.npmjs.org/commander/-/commander-1.0.5.tgz",
      "integrity": "sha512-Iil6cZ1vitahfQSTrGO3L4v3dtvnfyGpKkXN+aJV9uR24JYxhM9bUfBLat65nU7cIXzOcnkjGtfdCuqaO1caIQ==",
      "requires": {
        "keypress": "0.1.x"
      }
    },
    "hi": {
      "version": "0.0.0",
      "resolved": "https://registry.npmjs.org/hi/-/hi-0.0.0.tgz",
      "integrity": "sha512-tNKimpFl6clc/CGBHPOAq6JH/lhYjvl2hLqFv93G51stz+dNIl9FMliacZh9uRL4aa/K7tOcrbt0u/mo5uAXXg=="
    },
    "keypress": {
      "version": "0.1.0",
      "resolved": "https://registry.npmjs.org/keypress/-/keypress-0.1.0.tgz",
      "integrity": "sha512-x0yf9PL/nx9Nw9oLL8ZVErFAk85/lslwEP7Vz7s5SI1ODXZIgit3C5qyWjw4DxOuO/3Hb4866SQh28a1V1d+WA=="
    }
  }
}
